
Microsoft Visual Studio Solution File, Format Version 12.00
# Visual Studio 15
VisualStudioVersion = 15.0.27130.2036
MinimumVisualStudioVersion = 10.0.40219.1
Project("{FAE04EC0-301F-11D3-BF4B-00C04F79EFBC}") = "ZyxelConfigBackup", "ZyxelConfigBackup\ZyxelConfigBackup.csproj", "{C346AA82-B5B0-48D6-B24B-C6DB07895678}"
EndProject
Project("{FAE04EC0-301F-11D3-BF4B-00C04F79EFBC}") = "TFTPServer", "TFTPServer\TFTPServer.csproj", "{3617F873-F57C-4B75-B792-5C68257E6BD4}"
EndProject
Global
	GlobalSection(SolutionConfigurationPlatforms) = preSolution
		Debug|Any CPU = Debug|Any CPU
		Release|Any CPU = Release|Any CPU
	EndGlobalSection
	GlobalSection(ProjectConfigurationPlatforms) = postSolution
		{C346AA82-B5B0-48D6-B24B-C6DB07895678}.Debug|Any CPU.ActiveCfg = Debug|Any CPU
		{C346AA82-B5B0-48D6-B24B-C6DB07895678}.Debug|Any CPU.Build.0 = Debug|Any CPU
		{C346AA82-B5B0-48D6-B24B-C6DB07895678}.Release|Any CPU.ActiveCfg = Release|Any CPU
		{C346AA82-B5B0-48D6-B24B-C6DB07895678}.Release|Any CPU.Build.0 = Release|Any CPU
		{3617F873-F57C-4B75-B792-5C68257E6BD4}.Debug|Any CPU.ActiveCfg = Debug|Any CPU
		{3617F873-F57C-4B75-B792-5C68257E6BD4}.Debug|Any CPU.Build.0 = Debug|Any CPU
		{3617F873-F57C-4B75-B792-5C68257E6BD4}.Release|Any CPU.ActiveCfg = Release|Any CPU
		{3617F873-F57C-4B75-B792-5C68257E6BD4}.Release|Any CPU.Build.0 = Release|Any CPU
	EndGlobalSection
	GlobalSection(SolutionProperties) = preSolution
		HideSolutionNode = FALSE
	EndGlobalSection
	GlobalSection(ExtensibilityGlobals) = postSolution
		SolutionGuid = {FB2C0523-D835-44E0-BA69-355C7AA1993B}
	EndGlobalSection
EndGlobal
